
Microsoft Visual Studio Solution File, Format Version 12.00
# Visual Studio Version 16
VisualStudioVersion = 16.0.29519.87
MinimumVisualStudioVersion = 10.0.40219.1
Project("{9A19103F-16F7-4668-BE54-9A1E7A4F7556}") = "Yoyo.UserApi", "Yoyo.UserApi\Yoyo.UserApi.csproj", "{510111DD-A804-4868-AAA6-964AB53B713C}"
EndProject
Project("{9A19103F-16F7-4668-BE54-9A1E7A4F7556}") = "Yoyo.Jobs", "Yoyo.Jobs\Yoyo.Jobs.csproj", "{4F6B12F7-419F-46DE-A9A4-107276D04533}"
EndProject
Project("{9A19103F-16F7-4668-BE54-9A1E7A4F7556}") = "Yoyo.Core", "Yoyo.Core\Yoyo.Core.csproj", "{209D80C4-E36C-4A84-ADCF-A930755267E7}"
EndProject
Project("{9A19103F-16F7-4668-BE54-9A1E7A4F7556}") = "Yoyo.Entity", "Yoyo.Entity\Yoyo.Entity.csproj", "{32942CE8-8E34-45B3-9955-F53E251FE71C}"
EndProject
Project("{2150E333-8FDC-42A3-9474-1A3956D46DE8}") = "Yoyo.Services", "Yoyo.Services", "{30304A33-B7F9-49FB-92BF-0FD145F06966}"
EndProject
Project("{2150E333-8FDC-42A3-9474-1A3956D46DE8}") = "Yoyo.Plugins", "Yoyo.Plugins", "{FF00398C-53F0-42E1-BE46-7D32E8747834}"
EndProject
Project("{9A19103F-16F7-4668-BE54-9A1E7A4F7556}") = "Yoyo.IServices", "Yoyo.IServices\Yoyo.IServices.csproj", "{C70A2D8C-1D2D-453C-9427-E6DC31147ABD}"
EndProject
Project("{9A19103F-16F7-4668-BE54-9A1E7A4F7556}") = "Yoyo.IPlugins", "Yoyo.IPlugins\Yoyo.IPlugins.csproj", "{76912A44-8EFE-49FF-870D-E89FA2DBA710}"
EndProject
Project("{9A19103F-16F7-4668-BE54-9A1E7A4F7556}") = "Yoyo.Service.Member", "Yoyo.Service.Member\Yoyo.Service.Member.csproj", "{ECBA4FC6-38EE-482A-9F3E-FD64A8190A9D}"
EndProject
Project("{9A19103F-16F7-4668-BE54-9A1E7A4F7556}") = "XUnitTest", "XUnitTest\XUnitTest.csproj", "{21232A5A-61D0-4BF6-AF1D-6FE245B01236}"
EndProject
Project("{9A19103F-16F7-4668-BE54-9A1E7A4F7556}") = "Yoyo.Plugin.JSMS", "Plugins\Yoyo.Plugin.JSMS\Yoyo.Plugin.JSMS.csproj", "{B575ED7C-357D-4E33-BAD1-B814405DA105}"
EndProject
Project("{9A19103F-16F7-4668-BE54-9A1E7A4F7556}") = "Yoyo.Plugin.RealVerify", "Plugins\Yoyo.Plugin.RealVerify\Yoyo.Plugin.RealVerify.csproj", "{1329E325-E706-4E1E-982F-7381517D0D9A}"
EndProject
Project("{9A19103F-16F7-4668-BE54-9A1E7A4F7556}") = "Yoyo.Plugin.JPush", "Plugins\Yoyo.Plugin.JPush\Yoyo.Plugin.JPush.csproj", "{C7113FA6-36D0-45D6-8EAE-2A4EBC0C1417}"
EndProject
Project("{9A19103F-16F7-4668-BE54-9A1E7A4F7556}") = "Yoyo.Plugin.WeChatPay", "Plugins\Yoyo.Plugin.WeChatPay\Yoyo.Plugin.WeChatPay.csproj", "{7B892BBC-E852-4E92-AAAE-2DAE520600B7}"
EndProject
Project("{9A19103F-16F7-4668-BE54-9A1E7A4F7556}") = "Yoyo.Plugin.Alipay", "Plugins\Yoyo.Plugin.Alipay\Yoyo.Plugin.Alipay.csproj", "{70A4AB72-7F08-489F-AB6F-931F860F3AB3}"
EndProject
Project("{9A19103F-16F7-4668-BE54-9A1E7A4F7556}") = "Yoyo.Plugin.QCloud", "Plugins\Yoyo.Plugin.QCloud\Yoyo.Plugin.QCloud.csproj", "{42B08ADE-7812-4771-8836-C44B3E4114F0}"
EndProject
Project("{9A19103F-16F7-4668-BE54-9A1E7A4F7556}") = "Yoyo.Plugin.WeChat", "Plugins\Yoyo.Plugin.WeChat\Yoyo.Plugin.WeChat.csproj", "{092A3B6D-28BE-4B90-80EA-86663710051D}"
EndProject
Project("{9A19103F-16F7-4668-BE54-9A1E7A4F7556}") = "Yoyo.Plugin.Shandw", "Plugins\Yoyo.Plugin.Shandw\Yoyo.Plugin.Shandw.csproj", "{9FC788CA-C7B2-448E-BA29-B14C681AA5C4}"
EndProject
Project("{FAE04EC0-301F-11D3-BF4B-00C04F79EFBC}") = "Yoyo.Service.CityPartner", "Service\Yoyo.Service.CityPartner\Yoyo.Service.CityPartner.csproj", "{F2B69346-A7ED-40A1-8306-13508B3CC310}"
EndProject
Global
	GlobalSection(SolutionConfigurationPlatforms) = preSolution
		Debug|Any CPU = Debug|Any CPU
		Release|Any CPU = Release|Any CPU
	EndGlobalSection
	GlobalSection(ProjectConfigurationPlatforms) = postSolution
		{510111DD-A804-4868-AAA6-964AB53B713C}.Debug|Any CPU.ActiveCfg = Debug|Any CPU
		{510111DD-A804-4868-AAA6-964AB53B713C}.Debug|Any CPU.Build.0 = Debug|Any CPU
		{510111DD-A804-4868-AAA6-964AB53B713C}.Release|Any CPU.ActiveCfg = Release|Any CPU
		{510111DD-A804-4868-AAA6-964AB53B713C}.Release|Any CPU.Build.0 = Release|Any CPU
		{4F6B12F7-419F-46DE-A9A4-107276D04533}.Debug|Any CPU.ActiveCfg = Debug|Any CPU
		{4F6B12F7-419F-46DE-A9A4-107276D04533}.Debug|Any CPU.Build.0 = Debug|Any CPU
		{4F6B12F7-419F-46DE-A9A4-107276D04533}.Release|Any CPU.ActiveCfg = Release|Any CPU
		{4F6B12F7-419F-46DE-A9A4-107276D04533}.Release|Any CPU.Build.0 = Release|Any CPU
		{209D80C4-E36C-4A84-ADCF-A930755267E7}.Debug|Any CPU.ActiveCfg = Debug|Any CPU
		{209D80C4-E36C-4A84-ADCF-A930755267E7}.Debug|Any CPU.Build.0 = Debug|Any CPU
		{209D80C4-E36C-4A84-ADCF-A930755267E7}.Release|Any CPU.ActiveCfg = Release|Any CPU
		{209D80C4-E36C-4A84-ADCF-A930755267E7}.Release|Any CPU.Build.0 = Release|Any CPU
		{32942CE8-8E34-45B3-9955-F53E251FE71C}.Debug|Any CPU.ActiveCfg = Debug|Any CPU
		{32942CE8-8E34-45B3-9955-F53E251FE71C}.Debug|Any CPU.Build.0 = Debug|Any CPU
		{32942CE8-8E34-45B3-9955-F53E251FE71C}.Release|Any CPU.ActiveCfg = Release|Any CPU
		{32942CE8-8E34-45B3-9955-F53E251FE71C}.Release|Any CPU.Build.0 = Release|Any CPU
		{C70A2D8C-1D2D-453C-9427-E6DC31147ABD}.Debug|Any CPU.ActiveCfg = Debug|Any CPU
		{C70A2D8C-1D2D-453C-9427-E6DC31147ABD}.Debug|Any CPU.Build.0 = Debug|Any CPU
		{C70A2D8C-1D2D-453C-9427-E6DC31147ABD}.Release|Any CPU.ActiveCfg = Release|Any CPU
		{C70A2D8C-1D2D-453C-9427-E6DC31147ABD}.Release|Any CPU.Build.0 = Release|Any CPU
		{76912A44-8EFE-49FF-870D-E89FA2DBA710}.Debug|Any CPU.ActiveCfg = Debug|Any CPU
		{76912A44-8EFE-49FF-870D-E89FA2DBA710}.Debug|Any CPU.Build.0 = Debug|Any CPU
		{76912A44-8EFE-49FF-870D-E89FA2DBA710}.Release|Any CPU.ActiveCfg = Release|Any CPU
		{76912A44-8EFE-49FF-870D-E89FA2DBA710}.Release|Any CPU.Build.0 = Release|Any CPU
		{ECBA4FC6-38EE-482A-9F3E-FD64A8190A9D}.Debug|Any CPU.ActiveCfg = Debug|Any CPU
		{ECBA4FC6-38EE-482A-9F3E-FD64A8190A9D}.Debug|Any CPU.Build.0 = Debug|Any CPU
		{ECBA4FC6-38EE-482A-9F3E-FD64A8190A9D}.Release|Any CPU.ActiveCfg = Release|Any CPU
		{ECBA4FC6-38EE-482A-9F3E-FD64A8190A9D}.Release|Any CPU.Build.0 = Release|Any CPU
		{21232A5A-61D0-4BF6-AF1D-6FE245B01236}.Debug|Any CPU.ActiveCfg = Debug|Any CPU
		{21232A5A-61D0-4BF6-AF1D-6FE245B01236}.Debug|Any CPU.Build.0 = Debug|Any CPU
		{21232A5A-61D0-4BF6-AF1D-6FE245B01236}.Release|Any CPU.ActiveCfg = Release|Any CPU
		{21232A5A-61D0-4BF6-AF1D-6FE245B01236}.Release|Any CPU.Build.0 = Release|Any CPU
		{B575ED7C-357D-4E33-BAD1-B814405DA105}.Debug|Any CPU.ActiveCfg = Debug|Any CPU
		{B575ED7C-357D-4E33-BAD1-B814405DA105}.Debug|Any CPU.Build.0 = Debug|Any CPU
		{B575ED7C-357D-4E33-BAD1-B814405DA105}.Release|Any CPU.ActiveCfg = Release|Any CPU
		{B575ED7C-357D-4E33-BAD1-B814405DA105}.Release|Any CPU.Build.0 = Release|Any CPU
		{1329E325-E706-4E1E-982F-7381517D0D9A}.Debug|Any CPU.ActiveCfg = Debug|Any CPU
		{1329E325-E706-4E1E-982F-7381517D0D9A}.Debug|Any CPU.Build.0 = Debug|Any CPU
		{1329E325-E706-4E1E-982F-7381517D0D9A}.Release|Any CPU.ActiveCfg = Release|Any CPU
		{1329E325-E706-4E1E-982F-7381517D0D9A}.Release|Any CPU.Build.0 = Release|Any CPU
		{C7113FA6-36D0-45D6-8EAE-2A4EBC0C1417}.Debug|Any CPU.ActiveCfg = Debug|Any CPU
		{C7113FA6-36D0-45D6-8EAE-2A4EBC0C1417}.Debug|Any CPU.Build.0 = Debug|Any CPU
		{C7113FA6-36D0-45D6-8EAE-2A4EBC0C1417}.Release|Any CPU.ActiveCfg = Release|Any CPU
		{C7113FA6-36D0-45D6-8EAE-2A4EBC0C1417}.Release|Any CPU.Build.0 = Release|Any CPU
		{7B892BBC-E852-4E92-AAAE-2DAE520600B7}.Debug|Any CPU.ActiveCfg = Debug|Any CPU
		{7B892BBC-E852-4E92-AAAE-2DAE520600B7}.Debug|Any CPU.Build.0 = Debug|Any CPU
		{7B892BBC-E852-4E92-AAAE-2DAE520600B7}.Release|Any CPU.ActiveCfg = Release|Any CPU
		{7B892BBC-E852-4E92-AAAE-2DAE520600B7}.Release|Any CPU.Build.0 = Release|Any CPU
		{70A4AB72-7F08-489F-AB6F-931F860F3AB3}.Debug|Any CPU.ActiveCfg = Debug|Any CPU
		{70A4AB72-7F08-489F-AB6F-931F860F3AB3}.Debug|Any CPU.Build.0 = Debug|Any CPU
		{70A4AB72-7F08-489F-AB6F-931F860F3AB3}.Release|Any CPU.ActiveCfg = Release|Any CPU
		{70A4AB72-7F08-489F-AB6F-931F860F3AB3}.Release|Any CPU.Build.0 = Release|Any CPU
		{42B08ADE-7812-4771-8836-C44B3E4114F0}.Debug|Any CPU.ActiveCfg = Debug|Any CPU
		{42B08ADE-7812-4771-8836-C44B3E4114F0}.Debug|Any CPU.Build.0 = Debug|Any CPU
		{42B08ADE-7812-4771-8836-C44B3E4114F0}.Release|Any CPU.ActiveCfg = Release|Any CPU
		{42B08ADE-7812-4771-8836-C44B3E4114F0}.Release|Any CPU.Build.0 = Release|Any CPU
		{092A3B6D-28BE-4B90-80EA-86663710051D}.Debug|Any CPU.ActiveCfg = Debug|Any CPU
		{092A3B6D-28BE-4B90-80EA-86663710051D}.Debug|Any CPU.Build.0 = Debug|Any CPU
		{092A3B6D-28BE-4B90-80EA-86663710051D}.Release|Any CPU.ActiveCfg = Release|Any CPU
		{092A3B6D-28BE-4B90-80EA-86663710051D}.Release|Any CPU.Build.0 = Release|Any CPU
		{9FC788CA-C7B2-448E-BA29-B14C681AA5C4}.Debug|Any CPU.ActiveCfg = Debug|Any CPU
		{9FC788CA-C7B2-448E-BA29-B14C681AA5C4}.Debug|Any CPU.Build.0 = Debug|Any CPU
		{9FC788CA-C7B2-448E-BA29-B14C681AA5C4}.Release|Any CPU.ActiveCfg = Release|Any CPU
		{9FC788CA-C7B2-448E-BA29-B14C681AA5C4}.Release|Any CPU.Build.0 = Release|Any CPU
		{F2B69346-A7ED-40A1-8306-13508B3CC310}.Debug|Any CPU.ActiveCfg = Debug|Any CPU
		{F2B69346-A7ED-40A1-8306-13508B3CC310}.Debug|Any CPU.Build.0 = Debug|Any CPU
		{F2B69346-A7ED-40A1-8306-13508B3CC310}.Release|Any CPU.ActiveCfg = Release|Any CPU
		{F2B69346-A7ED-40A1-8306-13508B3CC310}.Release|Any CPU.Build.0 = Release|Any CPU
	EndGlobalSection
	GlobalSection(SolutionProperties) = preSolution
		HideSolutionNode = FALSE
	EndGlobalSection
	GlobalSection(NestedProjects) = preSolution
		{ECBA4FC6-38EE-482A-9F3E-FD64A8190A9D} = {30304A33-B7F9-49FB-92BF-0FD145F06966}
		{B575ED7C-357D-4E33-BAD1-B814405DA105} = {FF00398C-53F0-42E1-BE46-7D32E8747834}
		{1329E325-E706-4E1E-982F-7381517D0D9A} = {FF00398C-53F0-42E1-BE46-7D32E8747834}
		{C7113FA6-36D0-45D6-8EAE-2A4EBC0C1417} = {FF00398C-53F0-42E1-BE46-7D32E8747834}
		{7B892BBC-E852-4E92-AAAE-2DAE520600B7} = {FF00398C-53F0-42E1-BE46-7D32E8747834}
		{70A4AB72-7F08-489F-AB6F-931F860F3AB3} = {FF00398C-53F0-42E1-BE46-7D32E8747834}
		{42B08ADE-7812-4771-8836-C44B3E4114F0} = {FF00398C-53F0-42E1-BE46-7D32E8747834}
		{092A3B6D-28BE-4B90-80EA-86663710051D} = {FF00398C-53F0-42E1-BE46-7D32E8747834}
		{9FC788CA-C7B2-448E-BA29-B14C681AA5C4} = {FF00398C-53F0-42E1-BE46-7D32E8747834}
		{F2B69346-A7ED-40A1-8306-13508B3CC310} = {30304A33-B7F9-49FB-92BF-0FD145F06966}
	EndGlobalSection
	GlobalSection(ExtensibilityGlobals) = postSolution
		SolutionGuid = {7521E681-E290-4DA3-9D5E-A004E6ABF41E}
	EndGlobalSection
EndGlobal
